
Microsoft Visual Studio Solution File, Format Version 10.00
# Visual C++ Express 2008
Project("{8BC9CEB8-8B4A-11D0-8D11-00A0C91BC942}") = "Week4_Project1", "Week4_Project1\Week4_Project1.vcproj", "{E28B5429-A73F-41B4-A124-8D449B3C9519}"
EndProject
Global
	GlobalSection(SolutionConfigurationPlatforms) = preSolution
		Debug|Win32 = Debug|Win32
		Release|Win32 = Release|Win32
	EndGlobalSection
	GlobalSection(ProjectConfigurationPlatforms) = postSolution
		{E28B5429-A73F-41B4-A124-8D449B3C9519}.Debug|Win32.ActiveCfg = Debug|Win32
		{E28B5429-A73F-41B4-A124-8D449B3C9519}.Debug|Win32.Build.0 = Debug|Win32
		{E28B5429-A73F-41B4-A124-8D449B3C9519}.Release|Win32.ActiveCfg = Release|Win32
		{E28B5429-A73F-41B4-A124-8D449B3C9519}.Release|Win32.Build.0 = Release|Win32
	EndGlobalSection
	GlobalSection(SolutionProperties) = preSolution
		HideSolutionNode = FALSE
	EndGlobalSection
EndGlobal
