
Microsoft Visual Studio Solution File, Format Version 10.00
# Visual C++ Express 2008
Project("{8BC9CEB8-8B4A-11D0-8D11-00A0C91BC942}") = "The Kidnap SDL Version", "The Kidnap SDL Version\The Kidnap SDL Version.vcproj", "{05E1FDCD-230E-464A-B3E5-B1C979686EA2}"
EndProject
Global
	GlobalSection(SolutionConfigurationPlatforms) = preSolution
		Debug|Win32 = Debug|Win32
		Release|Win32 = Release|Win32
	EndGlobalSection
	GlobalSection(ProjectConfigurationPlatforms) = postSolution
		{05E1FDCD-230E-464A-B3E5-B1C979686EA2}.Debug|Win32.ActiveCfg = Debug|Win32
		{05E1FDCD-230E-464A-B3E5-B1C979686EA2}.Debug|Win32.Build.0 = Debug|Win32
		{05E1FDCD-230E-464A-B3E5-B1C979686EA2}.Release|Win32.ActiveCfg = Release|Win32
		{05E1FDCD-230E-464A-B3E5-B1C979686EA2}.Release|Win32.Build.0 = Release|Win32
	EndGlobalSection
	GlobalSection(SolutionProperties) = preSolution
		HideSolutionNode = FALSE
	EndGlobalSection
EndGlobal
